// !$*UTF8*$!
{
	archiveVersion = 1;
	classes = {
	};
	objectVersion = 46;
	objects = {

/* Begin PBXBuildFile section */
		4B64606A865C84120A014D88 /* ContentView.swift in Sources */ = {isa = PBXBuildFile; fileRef = 4B6463BE779864AFEE6214E0 /* ContentView.swift */; };
		4B6460C5B630844E60857A84 /* demoApp.swift in Sources */ = {isa = PBXBuildFile; fileRef = 4B646BD6B2D13677386A7021 /* demoApp.swift */; };
		4B6462AFC1C4AD2EAAFE51A4 /* Tests_iOS.swift in Sources */ = {isa = PBXBuildFile; fileRef = 4B646E616A2175128BA3723D /* Tests_iOS.swift */; };
		4B6467FC12873D4C97EA07AE /* demoApp.swift in Sources */ = {isa = PBXBuildFile; fileRef = 4B646BD6B2D13677386A7021 /* demoApp.swift */; };
		4B64690BC6465A512DD3BFEC /* Tests_macOSLaunchTests.swift in Sources */ = {isa = PBXBuildFile; fileRef = 4B646D052E7AB8A27EA01C9A /* Tests_macOSLaunchTests.swift */; };
		4B646A5E4C6CC5F8C620EC0D /* ContentView.swift in Sources */ = {isa = PBXBuildFile; fileRef = 4B6463BE779864AFEE6214E0 /* ContentView.swift */; };
		4B646B5F23B9CA58E8D39A05 /* Tests_macOS.swift in Sources */ = {isa = PBXBuildFile; fileRef = 4B646DFFAC984562AE3927AB /* Tests_macOS.swift */; };
		4B646BBBD6CB2B6F2EEC0902 /* Assets.xcassets in Resources */ = {isa = PBXBuildFile; fileRef = 4B646450360EB904E905A78C /* Assets.xcassets */; };
		4B646D0B7A80A4D6D69F8C10 /* Assets.xcassets in Resources */ = {isa = PBXBuildFile; fileRef = 4B646450360EB904E905A78C /* Assets.xcassets */; };
		4B646E1436596E4C046268AB /* Tests_iOSLaunchTests.swift in Sources */ = {isa = PBXBuildFile; fileRef = 4B646763DFEB4DBB42A5A106 /* Tests_iOSLaunchTests.swift */; };
/* End PBXBuildFile section */

/* Begin PBXContainerItemProxy section */
		4B6460E07E8F44C7DD5EB59B /* PBXContainerItemProxy */ = {
			isa = PBXContainerItemProxy;
			containerPortal = 4B646C953E955CADEA60EEEA /* Project object */;
			proxyType = 1;
			remoteGlobalIDString = 4B6462930AD4225349733769;
			remoteInfo = "demo (iOS)";
		};
		4B6463484E8EF4854F659700 /* PBXContainerItemProxy */ = {
			isa = PBXContainerItemProxy;
			containerPortal = 4B646C953E955CADEA60EEEA /* Project object */;
			proxyType = 1;
			remoteGlobalIDString = 4B646CC03F82F0D8F9B21C5E;
			remoteInfo = "demo (macOS)";
		};
/* End PBXContainerItemProxy section */

/* Begin PBXFileReference section */
		4B6461A1B25CC78226B1FEC6 /* Tests iOS.xctest */ = {isa = PBXFileReference; explicitFileType = wrapper.cfbundle; includeInIndex = 0; path = "Tests iOS.xctest"; sourceTree = BUILT_PRODUCTS_DIR; };
		4B6463BE779864AFEE6214E0 /* ContentView.swift */ = {isa = PBXFileReference; lastKnownFileType = sourcecode.swift; path = ContentView.swift; sourceTree = "<group>"; };
		4B6463DC98D131BCC0432F68 /* Tests macOS.xctest */ = {isa = PBXFileReference; explicitFileType = wrapper.cfbundle; includeInIndex = 0; path = "Tests macOS.xctest"; sourceTree = BUILT_PRODUCTS_DIR; };
		4B64643B7B6594976DD8EB35 /* demo.app */ = {isa = PBXFileReference; explicitFileType = wrapper.application; includeInIndex = 0; path = demo.app; sourceTree = BUILT_PRODUCTS_DIR; };
		4B646450360EB904E905A78C /* Assets.xcassets */ = {isa = PBXFileReference; lastKnownFileType = folder.assetcatalog; path = Assets.xcassets; sourceTree = "<group>"; };
		4B646763DFEB4DBB42A5A106 /* Tests_iOSLaunchTests.swift */ = {isa = PBXFileReference; lastKnownFileType = sourcecode.swift; path = Tests_iOSLaunchTests.swift; sourceTree = "<group>"; };
		4B64684ABBEB68484008A6CF /* macOS.entitlements */ = {isa = PBXFileReference; lastKnownFileType = text.plist.entitlements; path = macOS.entitlements; sourceTree = "<group>"; };
		4B646BD6B2D13677386A7021 /* demoApp.swift */ = {isa = PBXFileReference; lastKnownFileType = sourcecode.swift; path = demoApp.swift; sourceTree = "<group>"; };
		4B646D052E7AB8A27EA01C9A /* Tests_macOSLaunchTests.swift */ = {isa = PBXFileReference; lastKnownFileType = sourcecode.swift; path = Tests_macOSLaunchTests.swift; sourceTree = "<group>"; };
		4B646DFFAC984562AE3927AB /* Tests_macOS.swift */ = {isa = PBXFileReference; lastKnownFileType = sourcecode.swift; path = Tests_macOS.swift; sourceTree = "<group>"; };
		4B646E616A2175128BA3723D /* Tests_iOS.swift */ = {isa = PBXFileReference; lastKnownFileType = sourcecode.swift; path = Tests_iOS.swift; sourceTree = "<group>"; };
		4B646EB2869A687DEDD6889D /* demo.app */ = {isa = PBXFileReference; explicitFileType = wrapper.application; includeInIndex = 0; path = demo.app; sourceTree = BUILT_PRODUCTS_DIR; };
/* End PBXFileReference section */

/* Begin PBXFrameworksBuildPhase section */
		4B6466682393C57C5811D4D4 /* Frameworks */ = {
			isa = PBXFrameworksBuildPhase;
			buildActionMask = 2147483647;
			files = (
			);
			runOnlyForDeploymentPostprocessing = 0;
		};
		4B646ABB0D54DE27957C4548 /* Frameworks */ = {
			isa = PBXFrameworksBuildPhase;
			buildActionMask = 2147483647;
			files = (
			);
			runOnlyForDeploymentPostprocessing = 0;
		};
		4B646BBC8D8291D89FC080EE /* Frameworks */ = {
			isa = PBXFrameworksBuildPhase;
			buildActionMask = 2147483647;
			files = (
			);
			runOnlyForDeploymentPostprocessing = 0;
		};
		4B646D600C9DAAD411C35068 /* Frameworks */ = {
			isa = PBXFrameworksBuildPhase;
			buildActionMask = 2147483647;
			files = (
			);
			runOnlyForDeploymentPostprocessing = 0;
		};
/* End PBXFrameworksBuildPhase section */

/* Begin PBXGroup section */
		4B6463BDDFAF54C1E45E9B80 /* Products */ = {
			isa = PBXGroup;
			children = (
				4B64643B7B6594976DD8EB35 /* demo.app */,
				4B646EB2869A687DEDD6889D /* demo.app */,
				4B6461A1B25CC78226B1FEC6 /* Tests iOS.xctest */,
				4B6463DC98D131BCC0432F68 /* Tests macOS.xctest */,
			);
			name = Products;
			sourceTree = "<group>";
		};
		4B64646DFE1942FA8E7F2630 /* Tests macOS */ = {
			isa = PBXGroup;
			children = (
				4B646DFFAC984562AE3927AB /* Tests_macOS.swift */,
				4B646D052E7AB8A27EA01C9A /* Tests_macOSLaunchTests.swift */,
			);
			path = "Tests macOS";
			sourceTree = "<group>";
		};
		4B64665D984BEFA444A02F35 /* Shared */ = {
			isa = PBXGroup;
			children = (
				4B646450360EB904E905A78C /* Assets.xcassets */,
				4B646BD6B2D13677386A7021 /* demoApp.swift */,
				4B6463BE779864AFEE6214E0 /* ContentView.swift */,
			);
			path = Shared;
			sourceTree = "<group>";
		};
		4B6468531F0E567FBC290054 /* Tests iOS */ = {
			isa = PBXGroup;
			children = (
				4B646E616A2175128BA3723D /* Tests_iOS.swift */,
				4B646763DFEB4DBB42A5A106 /* Tests_iOSLaunchTests.swift */,
			);
			path = "Tests iOS";
			sourceTree = "<group>";
		};
		4B6469DD62E23F5F49F92403 = {
			isa = PBXGroup;
			children = (
				4B6463BDDFAF54C1E45E9B80 /* Products */,
				4B64665D984BEFA444A02F35 /* Shared */,
				4B646E9640B6BB0655C5BABD /* macOS */,
				4B6468531F0E567FBC290054 /* Tests iOS */,
				4B64646DFE1942FA8E7F2630 /* Tests macOS */,
			);
			sourceTree = "<group>";
		};
		4B646E9640B6BB0655C5BABD /* macOS */ = {
			isa = PBXGroup;
			children = (
				4B64684ABBEB68484008A6CF /* macOS.entitlements */,
			);
			path = macOS;
			sourceTree = "<group>";
		};
/* End PBXGroup section */

/* Begin PBXNativeTarget section */
		4B64618F4CCBA416BD3C5D38 /* Tests macOS */ = {
			isa = PBXNativeTarget;
			buildConfigurationList = 4B646F31BF387991930D7A3D /* Build configuration list for PBXNativeTarget "Tests macOS" */;
			buildPhases = (
				4B64603257D4E306688FC5BF /* Sources */,
				4B646D600C9DAAD411C35068 /* Frameworks */,
				4B64640CD3532DBD8D2C43EB /* Resources */,
			);
			buildRules = (
			);
			dependencies = (
				4B64659AB545830A14D1CBBB /* PBXTargetDependency */,
			);
			name = "Tests macOS";
			productName = "Tests macOS";
			productReference = 4B6463DC98D131BCC0432F68 /* Tests macOS.xctest */;
			productType = "com.apple.product-type.bundle.ui-testing";
		};
		4B6462930AD4225349733769 /* demo (iOS) */ = {
			isa = PBXNativeTarget;
			buildConfigurationList = 4B6467AA327DE91CDF72D6A9 /* Build configuration list for PBXNativeTarget "demo (iOS)" */;
			buildPhases = (
				4B646A61FFFE56FE7F040DFB /* Sources */,
				4B646BBC8D8291D89FC080EE /* Frameworks */,
				4B6463D783C46869D5283DD1 /* Resources */,
			);
			buildRules = (
			);
			dependencies = (
			);
			name = "demo (iOS)";
			productName = "demo (iOS)";
			productReference = 4B64643B7B6594976DD8EB35 /* demo.app */;
			productType = "com.apple.product-type.application";
		};
		4B646CC03F82F0D8F9B21C5E /* demo (macOS) */ = {
			isa = PBXNativeTarget;
			buildConfigurationList = 4B646729F2758E54D2863B47 /* Build configuration list for PBXNativeTarget "demo (macOS)" */;
			buildPhases = (
				4B64689238A3A7A8AD12EC14 /* Sources */,
				4B6466682393C57C5811D4D4 /* Frameworks */,
				4B646C383533AB1676A883E3 /* Resources */,
			);
			buildRules = (
			);
			dependencies = (
			);
			name = "demo (macOS)";
			productName = "demo (macOS)";
			productReference = 4B646EB2869A687DEDD6889D /* demo.app */;
			productType = "com.apple.product-type.application";
		};
		4B646D159ECB28E5CE63E1F8 /* Tests iOS */ = {
			isa = PBXNativeTarget;
			buildConfigurationList = 4B6462E83AE00AAD1B51623E /* Build configuration list for PBXNativeTarget "Tests iOS" */;
			buildPhases = (
				4B646B0AC44CE6EF457A8141 /* Sources */,
				4B646ABB0D54DE27957C4548 /* Frameworks */,
				4B6467D3369C2256A6EEC9AE /* Resources */,
			);
			buildRules = (
			);
			dependencies = (
				4B64603362C72E107EDE37A4 /* PBXTargetDependency */,
			);
			name = "Tests iOS";
			productName = "Tests iOS";
			productReference = 4B6461A1B25CC78226B1FEC6 /* Tests iOS.xctest */;
			productType = "com.apple.product-type.bundle.ui-testing";
		};
/* End PBXNativeTarget section */

/* Begin PBXProject section */
		4B646C953E955CADEA60EEEA /* Project object */ = {
			isa = PBXProject;
			buildConfigurationList = 4B6465DC1CE3C31C714E8D68 /* Build configuration list for PBXProject "demo" */;
			compatibilityVersion = "Xcode 3.2";
			developmentRegion = English;
			hasScannedForEncodings = 0;
			knownRegions = (
				en,
			);
			mainGroup = 4B6469DD62E23F5F49F92403;
			productRefGroup = 4B6463BDDFAF54C1E45E9B80 /* Products */;
			projectDirPath = "";
			projectRoot = "";
			targets = (
				4B6462930AD4225349733769 /* demo (iOS) */,
				4B646CC03F82F0D8F9B21C5E /* demo (macOS) */,
				4B646D159ECB28E5CE63E1F8 /* Tests iOS */,
				4B64618F4CCBA416BD3C5D38 /* Tests macOS */,
			);
		};
/* End PBXProject section */

/* Begin PBXResourcesBuildPhase section */
		4B6463D783C46869D5283DD1 /* Resources */ = {
			isa = PBXResourcesBuildPhase;
			buildActionMask = 2147483647;
			files = (
				4B646D0B7A80A4D6D69F8C10 /* Assets.xcassets in Resources */,
			);
			runOnlyForDeploymentPostprocessing = 0;
		};
		4B64640CD3532DBD8D2C43EB /* Resources */ = {
			isa = PBXResourcesBuildPhase;
			buildActionMask = 2147483647;
			files = (
			);
			runOnlyForDeploymentPostprocessing = 0;
		};
		4B6467D3369C2256A6EEC9AE /* Resources */ = {
			isa = PBXResourcesBuildPhase;
			buildActionMask = 2147483647;
			files = (
			);
			runOnlyForDeploymentPostprocessing = 0;
		};
		4B646C383533AB1676A883E3 /* Resources */ = {
			isa = PBXResourcesBuildPhase;
			buildActionMask = 2147483647;
			files = (
				4B646BBBD6CB2B6F2EEC0902 /* Assets.xcassets in Resources */,
			);
			runOnlyForDeploymentPostprocessing = 0;
		};
/* End PBXResourcesBuildPhase section */

/* Begin PBXSourcesBuildPhase section */
		4B64603257D4E306688FC5BF /* Sources */ = {
			isa = PBXSourcesBuildPhase;
			buildActionMask = 2147483647;
			files = (
				4B646B5F23B9CA58E8D39A05 /* Tests_macOS.swift in Sources */,
				4B64690BC6465A512DD3BFEC /* Tests_macOSLaunchTests.swift in Sources */,
			);
			runOnlyForDeploymentPostprocessing = 0;
		};
		4B64689238A3A7A8AD12EC14 /* Sources */ = {
			isa = PBXSourcesBuildPhase;
			buildActionMask = 2147483647;
			files = (
				4B6460C5B630844E60857A84 /* demoApp.swift in Sources */,
				4B64606A865C84120A014D88 /* ContentView.swift in Sources */,
			);
			runOnlyForDeploymentPostprocessing = 0;
		};
		4B646A61FFFE56FE7F040DFB /* Sources */ = {
			isa = PBXSourcesBuildPhase;
			buildActionMask = 2147483647;
			files = (
				4B6467FC12873D4C97EA07AE /* demoApp.swift in Sources */,
				4B646A5E4C6CC5F8C620EC0D /* ContentView.swift in Sources */,
			);
			runOnlyForDeploymentPostprocessing = 0;
		};
		4B646B0AC44CE6EF457A8141 /* Sources */ = {
			isa = PBXSourcesBuildPhase;
			buildActionMask = 2147483647;
			files = (
				4B6462AFC1C4AD2EAAFE51A4 /* Tests_iOS.swift in Sources */,
				4B646E1436596E4C046268AB /* Tests_iOSLaunchTests.swift in Sources */,
			);
			runOnlyForDeploymentPostprocessing = 0;
		};
/* End PBXSourcesBuildPhase section */

/* Begin PBXTargetDependency section */
		4B64603362C72E107EDE37A4 /* PBXTargetDependency */ = {
			isa = PBXTargetDependency;
			target = 4B6462930AD4225349733769 /* demo (iOS) */;
			targetProxy = 4B6460E07E8F44C7DD5EB59B /* PBXContainerItemProxy */;
		};
		4B64659AB545830A14D1CBBB /* PBXTargetDependency */ = {
			isa = PBXTargetDependency;
			target = 4B646CC03F82F0D8F9B21C5E /* demo (macOS) */;
			targetProxy = 4B6463484E8EF4854F659700 /* PBXContainerItemProxy */;
		};
/* End PBXTargetDependency section */

/* Begin XCBuildConfiguration section */
		4B64601080EB51817F0513A3 /* Release */ = {
			isa = XCBuildConfiguration;
			buildSettings = {
				ASSETCATALOG_COMPILER_APPICON_NAME = AppIcon;
				ASSETCATALOG_COMPILER_GLOBAL_ACCENT_COLOR_NAME = AccentColor;
				CURRENT_PROJECT_VERSION = 1;
				ENABLE_PREVIEWS = YES;
				GENERATE_INFOPLIST_FILE = YES;
				INFOPLIST_KEY_UIApplicationSceneManifest_Generation = YES;
				INFOPLIST_KEY_UIApplicationSupportsIndirectInputEvents = YES;
				INFOPLIST_KEY_UILaunchScreen_Generation = YES;
				INFOPLIST_KEY_UISupportedInterfaceOrientations_iPad = "UIInterfaceOrientationPortrait UIInterfaceOrientationPortraitUpsideDown UIInterfaceOrientationLandscapeLeft UIInterfaceOrientationLandscapeRight";
				INFOPLIST_KEY_UISupportedInterfaceOrientations_iPhone = "UIInterfaceOrientationPortrait UIInterfaceOrientationLandscapeLeft UIInterfaceOrientationLandscapeRight";
				IPHONEOS_DEPLOYMENT_TARGET = 15.0;
				LD_RUNPATH_SEARCH_PATHS = "$(inherited) @executable_path/Frameworks";
				MARKETING_VERSION = 1.0;
				PRODUCT_BUNDLE_IDENTIFIER = com.test.demo;
				PRODUCT_NAME = demo;
				SDKROOT = iphoneos;
				SWIFT_EMIT_LOC_STRINGS = YES;
				SWIFT_VERSION = 5.0;
				TARGETED_DEVICE_FAMILY = "1,2";
				VALIDATE_PRODUCT = YES;
			};
			name = Release;
		};
		4B646128C08C0B1E06EED367 /* Release */ = {
			isa = XCBuildConfiguration;
			buildSettings = {
				ASSETCATALOG_COMPILER_APPICON_NAME = AppIcon;
				ASSETCATALOG_COMPILER_GLOBAL_ACCENT_COLOR_NAME = AccentColor;
				CODE_SIGN_ENTITLEMENTS = macOS/macOS.entitlements;
				COMBINE_HIDPI_IMAGES = YES;
				CURRENT_PROJECT_VERSION = 1;
				ENABLE_PREVIEWS = YES;
				GENERATE_INFOPLIST_FILE = YES;
				INFOPLIST_KEY_NSHumanReadableCopyright = "";
				LD_RUNPATH_SEARCH_PATHS = "$(inherited) @executable_path/../Frameworks";
				MACOSX_DEPLOYMENT_TARGET = 12.0;
				MARKETING_VERSION = 1.0;
				PRODUCT_BUNDLE_IDENTIFIER = com.test.demo;
				PRODUCT_NAME = demo;
				SDKROOT = macosx;
				SWIFT_EMIT_LOC_STRINGS = YES;
				SWIFT_VERSION = 5.0;
			};
			name = Release;
		};
		4B6463930FCFDD41EF354DAE /* Debug */ = {
			isa = XCBuildConfiguration;
			buildSettings = {
				ASSETCATALOG_COMPILER_APPICON_NAME = AppIcon;
				ASSETCATALOG_COMPILER_GLOBAL_ACCENT_COLOR_NAME = AccentColor;
				CODE_SIGN_ENTITLEMENTS = macOS/macOS.entitlements;
				COMBINE_HIDPI_IMAGES = YES;
				CURRENT_PROJECT_VERSION = 1;
				ENABLE_PREVIEWS = YES;
				GENERATE_INFOPLIST_FILE = YES;
				INFOPLIST_KEY_NSHumanReadableCopyright = "";
				LD_RUNPATH_SEARCH_PATHS = "$(inherited) @executable_path/../Frameworks";
				MACOSX_DEPLOYMENT_TARGET = 12.0;
				MARKETING_VERSION = 1.0;
				PRODUCT_BUNDLE_IDENTIFIER = com.test.demo;
				PRODUCT_NAME = demo;
				SDKROOT = macosx;
				SWIFT_EMIT_LOC_STRINGS = YES;
				SWIFT_VERSION = 5.0;
			};
			name = Debug;
		};
		4B6464F1914A64021FC4E5DA /* Release */ = {
			isa = XCBuildConfiguration;
			buildSettings = {
				ALWAYS_SEARCH_USER_PATHS = NO;
				CLANG_ANALYZER_NONNULL = YES;
				CLANG_ANALYZER_NUMBER_OBJECT_CONVERSION = YES_AGGRESSIVE;
				CLANG_CXX_LANGUAGE_STANDARD = "gnu++17";
				CLANG_CXX_LIBRARY = "libc++";
				CLANG_ENABLE_MODULES = YES;
				CLANG_ENABLE_OBJC_ARC = YES;
				CLANG_ENABLE_OBJC_WEAK = YES;
				CLANG_WARN_BLOCK_CAPTURE_AUTORELEASING = YES;
				CLANG_WARN_BOOL_CONVERSION = YES;
				CLANG_WARN_COMMA = YES;
				CLANG_WARN_CONSTANT_CONVERSION = YES;
				CLANG_WARN_DEPRECATED_OBJC_IMPLEMENTATIONS = YES;
				CLANG_WARN_DIRECT_OBJC_ISA_USAGE = YES_ERROR;
				CLANG_WARN_DOCUMENTATION_COMMENTS = YES;
				CLANG_WARN_EMPTY_BODY = YES;
				CLANG_WARN_ENUM_CONVERSION = YES;
				CLANG_WARN_INFINITE_RECURSION = YES;
				CLANG_WARN_INT_CONVERSION = YES;
				CLANG_WARN_NON_LITERAL_NULL_CONVERSION = YES;
				CLANG_WARN_OBJC_IMPLICIT_RETAIN_SELF = YES;
				CLANG_WARN_OBJC_LITERAL_CONVERSION = YES;
				CLANG_WARN_OBJC_ROOT_CLASS = YES_ERROR;
				CLANG_WARN_QUOTED_INCLUDE_IN_FRAMEWORK_HEADER = YES;
				CLANG_WARN_RANGE_LOOP_ANALYSIS = YES;
				CLANG_WARN_STRICT_PROTOTYPES = YES;
				CLANG_WARN_SUSPICIOUS_MOVE = YES;
				CLANG_WARN_UNGUARDED_AVAILABILITY = YES_AGGRESSIVE;
				CLANG_WARN_UNREACHABLE_CODE = YES;
				CLANG_WARN__DUPLICATE_METHOD_MATCH = YES;
				COPY_PHASE_STRIP = NO;
				DEBUG_INFORMATION_FORMAT = "dwarf-with-dsym";
				ENABLE_NS_ASSERTIONS = NO;
				ENABLE_STRICT_OBJC_MSGSEND = YES;
				GCC_C_LANGUAGE_STANDARD = gnu11;
				GCC_NO_COMMON_BLOCKS = YES;
				GCC_WARN_64_TO_32_BIT_CONVERSION = YES;
				GCC_WARN_ABOUT_RETURN_TYPE = YES_ERROR;
				GCC_WARN_UNDECLARED_SELECTOR = YES;
				GCC_WARN_UNINITIALIZED_AUTOS = YES_AGGRESSIVE;
				GCC_WARN_UNUSED_FUNCTION = YES;
				GCC_WARN_UNUSED_VARIABLE = YES;
				MTL_ENABLE_DEBUG_INFO = NO;
				MTL_FAST_MATH = YES;
				SWIFT_COMPILATION_MODE = wholemodule;
				SWIFT_OPTIMIZATION_LEVEL = "-O";
			};
			name = Release;
		};
		4B64664C7EACC9ECFBEC6BE4 /* Debug */ = {
			isa = XCBuildConfiguration;
			buildSettings = {
				CURRENT_PROJECT_VERSION = 1;
				GENERATE_INFOPLIST_FILE = YES;
				LD_RUNPATH_SEARCH_PATHS = "$(inherited) @executable_path/Frameworks @loader_path/Frameworks";
				MARKETING_VERSION = 1.0;
				PRODUCT_BUNDLE_IDENTIFIER = "com.test.Tests-iOS";
				PRODUCT_NAME = "$(TARGET_NAME)";
				SWIFT_EMIT_LOC_STRINGS = NO;
				SWIFT_VERSION = 5.0;
				TARGETED_DEVICE_FAMILY = "1,2";
				TEST_TARGET_NAME = "demo (iOS)";
			};
			name = Debug;
		};
		4B646695708F2B8B39188C6E /* Debug */ = {
			isa = XCBuildConfiguration;
			buildSettings = {
				ALWAYS_SEARCH_USER_PATHS = NO;
				CLANG_ANALYZER_NONNULL = YES;
				CLANG_ANALYZER_NUMBER_OBJECT_CONVERSION = YES_AGGRESSIVE;
				CLANG_CXX_LANGUAGE_STANDARD = "gnu++17";
				CLANG_CXX_LIBRARY = "libc++";
				CLANG_ENABLE_MODULES = YES;
				CLANG_ENABLE_OBJC_ARC = YES;
				CLANG_ENABLE_OBJC_WEAK = YES;
				CLANG_WARN_BLOCK_CAPTURE_AUTORELEASING = YES;
				CLANG_WARN_BOOL_CONVERSION = YES;
				CLANG_WARN_COMMA = YES;
				CLANG_WARN_CONSTANT_CONVERSION = YES;
				CLANG_WARN_DEPRECATED_OBJC_IMPLEMENTATIONS = YES;
				CLANG_WARN_DIRECT_OBJC_ISA_USAGE = YES_ERROR;
				CLANG_WARN_DOCUMENTATION_COMMENTS = YES;
				CLANG_WARN_EMPTY_BODY = YES;
				CLANG_WARN_ENUM_CONVERSION = YES;
				CLANG_WARN_INFINITE_RECURSION = YES;
				CLANG_WARN_INT_CONVERSION = YES;
				CLANG_WARN_NON_LITERAL_NULL_CONVERSION = YES;
				CLANG_WARN_OBJC_IMPLICIT_RETAIN_SELF = YES;
				CLANG_WARN_OBJC_LITERAL_CONVERSION = YES;
				CLANG_WARN_OBJC_ROOT_CLASS = YES_ERROR;
				CLANG_WARN_QUOTED_INCLUDE_IN_FRAMEWORK_HEADER = YES;
				CLANG_WARN_RANGE_LOOP_ANALYSIS = YES;
				CLANG_WARN_STRICT_PROTOTYPES = YES;
				CLANG_WARN_SUSPICIOUS_MOVE = YES;
				CLANG_WARN_UNGUARDED_AVAILABILITY = YES_AGGRESSIVE;
				CLANG_WARN_UNREACHABLE_CODE = YES;
				CLANG_WARN__DUPLICATE_METHOD_MATCH = YES;
				COPY_PHASE_STRIP = NO;
				DEBUG_INFORMATION_FORMAT = dwarf;
				ENABLE_STRICT_OBJC_MSGSEND = YES;
				ENABLE_TESTABILITY = YES;
				GCC_C_LANGUAGE_STANDARD = gnu11;
				GCC_DYNAMIC_NO_PIC = NO;
				GCC_NO_COMMON_BLOCKS = YES;
				GCC_OPTIMIZATION_LEVEL = 0;
				GCC_PREPROCESSOR_DEFINITIONS = (
					"DEBUG=1",
					"$(inherited)",
				);
				GCC_WARN_64_TO_32_BIT_CONVERSION = YES;
				GCC_WARN_ABOUT_RETURN_TYPE = YES_ERROR;
				GCC_WARN_UNDECLARED_SELECTOR = YES;
				GCC_WARN_UNINITIALIZED_AUTOS = YES_AGGRESSIVE;
				GCC_WARN_UNUSED_FUNCTION = YES;
				GCC_WARN_UNUSED_VARIABLE = YES;
				MTL_ENABLE_DEBUG_INFO = INCLUDE_SOURCE;
				MTL_FAST_MATH = YES;
				ONLY_ACTIVE_ARCH = YES;
				SWIFT_ACTIVE_COMPILATION_CONDITIONS = DEBUG;
				SWIFT_OPTIMIZATION_LEVEL = "-Onone";
			};
			name = Debug;
		};
		4B64689C14664E8D5AD92496 /* Debug */ = {
			isa = XCBuildConfiguration;
			buildSettings = {
				COMBINE_HIDPI_IMAGES = YES;
				CURRENT_PROJECT_VERSION = 1;
				GENERATE_INFOPLIST_FILE = YES;
				LD_RUNPATH_SEARCH_PATHS = "$(inherited) @executable_path/../Frameworks @loader_path/../Frameworks";
				MARKETING_VERSION = 1.0;
				PRODUCT_BUNDLE_IDENTIFIER = "com.test.Tests-macOS";
				PRODUCT_NAME = "$(TARGET_NAME)";
				SWIFT_EMIT_LOC_STRINGS = NO;
				SWIFT_VERSION = 5.0;
				TEST_TARGET_NAME = "demo (macOS)";
			};
			name = Debug;
		};
		4B646CCA59BEFA1CE2FD6335 /* Release */ = {
			isa = XCBuildConfiguration;
			buildSettings = {
				CURRENT_PROJECT_VERSION = 1;
				GENERATE_INFOPLIST_FILE = YES;
				LD_RUNPATH_SEARCH_PATHS = "$(inherited) @executable_path/Frameworks @loader_path/Frameworks";
				MARKETING_VERSION = 1.0;
				PRODUCT_BUNDLE_IDENTIFIER = "com.test.Tests-iOS";
				PRODUCT_NAME = "$(TARGET_NAME)";
				SWIFT_EMIT_LOC_STRINGS = NO;
				SWIFT_VERSION = 5.0;
				TARGETED_DEVICE_FAMILY = "1,2";
				TEST_TARGET_NAME = "demo (iOS)";
			};
			name = Release;
		};
		4B646DF4007491FAA88E35C3 /* Debug */ = {
			isa = XCBuildConfiguration;
			buildSettings = {
				ASSETCATALOG_COMPILER_APPICON_NAME = AppIcon;
				ASSETCATALOG_COMPILER_GLOBAL_ACCENT_COLOR_NAME = AccentColor;
				CURRENT_PROJECT_VERSION = 1;
				ENABLE_PREVIEWS = YES;
				GENERATE_INFOPLIST_FILE = YES;
				INFOPLIST_KEY_UIApplicationSceneManifest_Generation = YES;
				INFOPLIST_KEY_UIApplicationSupportsIndirectInputEvents = YES;
				INFOPLIST_KEY_UILaunchScreen_Generation = YES;
				INFOPLIST_KEY_UISupportedInterfaceOrientations_iPad = "UIInterfaceOrientationPortrait UIInterfaceOrientationPortraitUpsideDown UIInterfaceOrientationLandscapeLeft UIInterfaceOrientationLandscapeRight";
				INFOPLIST_KEY_UISupportedInterfaceOrientations_iPhone = "UIInterfaceOrientationPortrait UIInterfaceOrientationLandscapeLeft UIInterfaceOrientationLandscapeRight";
				IPHONEOS_DEPLOYMENT_TARGET = 15.0;
				LD_RUNPATH_SEARCH_PATHS = "$(inherited) @executable_path/Frameworks";
				MARKETING_VERSION = 1.0;
				PRODUCT_BUNDLE_IDENTIFIER = com.test.demo;
				PRODUCT_NAME = demo;
				SDKROOT = iphoneos;
				SWIFT_EMIT_LOC_STRINGS = YES;
				SWIFT_VERSION = 5.0;
				TARGETED_DEVICE_FAMILY = "1,2";
			};
			name = Debug;
		};
		4B646F1EB30EAB4950336EB2 /* Release */ = {
			isa = XCBuildConfiguration;
			buildSettings = {
				COMBINE_HIDPI_IMAGES = YES;
				CURRENT_PROJECT_VERSION = 1;
				GENERATE_INFOPLIST_FILE = YES;
				LD_RUNPATH_SEARCH_PATHS = "$(inherited) @executable_path/../Frameworks @loader_path/../Frameworks";
				MARKETING_VERSION = 1.0;
				PRODUCT_BUNDLE_IDENTIFIER = "com.test.Tests-macOS";
				PRODUCT_NAME = "$(TARGET_NAME)";
				SWIFT_EMIT_LOC_STRINGS = NO;
				SWIFT_VERSION = 5.0;
				TEST_TARGET_NAME = "demo (macOS)";
			};
			name = Release;
		};
/* End XCBuildConfiguration section */

/* Begin XCConfigurationList section */
		4B6462E83AE00AAD1B51623E /* Build configuration list for PBXNativeTarget "Tests iOS" */ = {
			isa = XCConfigurationList;
			buildConfigurations = (
				4B64664C7EACC9ECFBEC6BE4 /* Debug */,
				4B646CCA59BEFA1CE2FD6335 /* Release */,
			);
			defaultConfigurationIsVisible = 0;
		};
		4B6465DC1CE3C31C714E8D68 /* Build configuration list for PBXProject "demo" */ = {
			isa = XCConfigurationList;
			buildConfigurations = (
				4B646695708F2B8B39188C6E /* Debug */,
				4B6464F1914A64021FC4E5DA /* Release */,
			);
			defaultConfigurationIsVisible = 0;
			defaultConfigurationName = Release;
		};
		4B646729F2758E54D2863B47 /* Build configuration list for PBXNativeTarget "demo (macOS)" */ = {
			isa = XCConfigurationList;
			buildConfigurations = (
				4B6463930FCFDD41EF354DAE /* Debug */,
				4B646128C08C0B1E06EED367 /* Release */,
			);
			defaultConfigurationIsVisible = 0;
		};
		4B6467AA327DE91CDF72D6A9 /* Build configuration list for PBXNativeTarget "demo (iOS)" */ = {
			isa = XCConfigurationList;
			buildConfigurations = (
				4B646DF4007491FAA88E35C3 /* Debug */,
				4B64601080EB51817F0513A3 /* Release */,
			);
			defaultConfigurationIsVisible = 0;
		};
		4B646F31BF387991930D7A3D /* Build configuration list for PBXNativeTarget "Tests macOS" */ = {
			isa = XCConfigurationList;
			buildConfigurations = (
				4B64689C14664E8D5AD92496 /* Debug */,
				4B646F1EB30EAB4950336EB2 /* Release */,
			);
			defaultConfigurationIsVisible = 0;
		};
/* End XCConfigurationList section */
	};
	rootObject = 4B646C953E955CADEA60EEEA /* Project object */;
}
